PODS:
  - GPUImage (0.1.7)
  - SnapKit (4.0.0)

DEPENDENCIES:
  - GPUImage
  - SnapKit

SPEC REPOS:
  https://github.com/cocoapods/specs.git:
    - GPUImage
    - SnapKit

SPEC CHECKSUMS:
  GPUImage: 733a5f0fab92df9de1c37ba9df520a833ccb406d
  SnapKit: a42d492c16e80209130a3379f73596c3454b7694

PODFILE CHECKSUM: afd748e1b769657687d7173fcf0af930b0862a57

COCOAPODS: 1.5.3
