// !$*UTF8*$!
{
	archiveVersion = 1;
	classes = {
	};
	objectVersion = 50;
	objects = {

/* Begin PBXBuildFile section */
		0B10007E1569F76E1CAB1456 /* Pods_MyFirstGPUImage.framework in Frameworks */ = {isa = PBXBuildFile; fileRef = B90C9E859F51270B2744A7B8 /* Pods_MyFirstGPUImage.framework */; };
		2D0396A0211D70B9004E87C0 /* DesignedGPUImageFilter.m in Sources */ = {isa = PBXBuildFile; fileRef = 2D03969F211D70B9004E87C0 /* DesignedGPUImageFilter.m */; };
		2D1F725D21F9AF2000536131 /* publicFunc.swift in Sources */ = {isa = PBXBuildFile; fileRef = 2D1F725C21F9AF2000536131 /* publicFunc.swift */; };
		2D1F727721F9C3D800536131 /* ImageDetailViewController.swift in Sources */ = {isa = PBXBuildFile; fileRef = 2D1F726021F9C3D800536131 /* ImageDetailViewController.swift */; };
		2D1F727821F9C3D800536131 /* ItemCollectionViewController.swift in Sources */ = {isa = PBXBuildFile; fileRef = 2D1F726121F9C3D800536131 /* ItemCollectionViewController.swift */; };
		2D1F727921F9C3D800536131 /* AlbumViewController.swift in Sources */ = {isa = PBXBuildFile; fileRef = 2D1F726221F9C3D800536131 /* AlbumViewController.swift */; };
		2D1F727A21F9C3D800536131 /* AlbumItem.swift in Sources */ = {isa = PBXBuildFile; fileRef = 2D1F726521F9C3D800536131 /* AlbumItem.swift */; };
		2D1F727B21F9C3D800536131 /* AlbumDataSource.swift in Sources */ = {isa = PBXBuildFile; fileRef = 2D1F726721F9C3D800536131 /* AlbumDataSource.swift */; };
		2D1F727C21F9C3D800536131 /* ItemCollectionViewCell.swift in Sources */ = {isa = PBXBuildFile; fileRef = 2D1F726E21F9C3D800536131 /* ItemCollectionViewCell.swift */; };
		2D1F727D21F9C3D800536131 /* AlbumTableViewCell.swift in Sources */ = {isa = PBXBuildFile; fileRef = 2D1F726F21F9C3D800536131 /* AlbumTableViewCell.swift */; };
		2D1F727E21F9C3D800536131 /* AlbumTableViewCell.xib in Resources */ = {isa = PBXBuildFile; fileRef = 2D1F727021F9C3D800536131 /* AlbumTableViewCell.xib */; };
		2D1F727F21F9C3D800536131 /* ItemCollectionViewCell.xib in Resources */ = {isa = PBXBuildFile; fileRef = 2D1F727121F9C3D800536131 /* ItemCollectionViewCell.xib */; };
		2D1F728021F9C3D800536131 /* BannerView.swift in Sources */ = {isa = PBXBuildFile; fileRef = 2D1F727321F9C3D800536131 /* BannerView.swift */; };
		2D1F728121F9C3D800536131 /* BannerLayout.swift in Sources */ = {isa = PBXBuildFile; fileRef = 2D1F727421F9C3D800536131 /* BannerLayout.swift */; };
		2D1F728221F9C3D800536131 /* BannerCollectionViewCell.swift in Sources */ = {isa = PBXBuildFile; fileRef = 2D1F727521F9C3D800536131 /* BannerCollectionViewCell.swift */; };
		2D2716422133B2E900A93EDB /* GPUImageBeautifyFilter.m in Sources */ = {isa = PBXBuildFile; fileRef = 2D2716402133B2E800A93EDB /* GPUImageBeautifyFilter.m */; };
		2D2716452133C64900A93EDB /* SelectionView.swift in Sources */ = {isa = PBXBuildFile; fileRef = 2D2716442133C64900A93EDB /* SelectionView.swift */; };
		2D2D6D99211D7A9C005F8371 /* myShader.fsh in Resources */ = {isa = PBXBuildFile; fileRef = 2D2D6D98211D7923005F8371 /* myShader.fsh */; };
		2D2D6D9B211D8561005F8371 /* TopVIew.swift in Sources */ = {isa = PBXBuildFile; fileRef = 2D2D6D9A211D8561005F8371 /* TopVIew.swift */; };
		2D2D6DA321215D3E005F8371 /* playView.swift in Sources */ = {isa = PBXBuildFile; fileRef = 2D2D6DA221215D3E005F8371 /* playView.swift */; };
		2D363D61212E7D3800F24ED2 /* FaceArea.swift in Sources */ = {isa = PBXBuildFile; fileRef = 2D363D60212E7D3800F24ED2 /* FaceArea.swift */; };
		2D363D64212E7E0100F24ED2 /* FaceLayerView.swift in Sources */ = {isa = PBXBuildFile; fileRef = 2D363D63212E7E0100F24ED2 /* FaceLayerView.swift */; };
		2D363D66212E80D500F24ED2 /* LayerExtension.swift in Sources */ = {isa = PBXBuildFile; fileRef = 2D363D65212E80D500F24ED2 /* LayerExtension.swift */; };
		2D378EB721115C2900A51DE8 /* IFNashvilleFilter.m in Sources */ = {isa = PBXBuildFile; fileRef = 2D378E9021115C2500A51DE8 /* IFNashvilleFilter.m */; };
		2D378EB821115C2900A51DE8 /* IFInkwellFilter.m in Sources */ = {isa = PBXBuildFile; fileRef = 2D378E9221115C2500A51DE8 /* IFInkwellFilter.m */; };
		2D378EB921115C2900A51DE8 /* IFBrannanFilter.m in Sources */ = {isa = PBXBuildFile; fileRef = 2D378E9421115C2500A51DE8 /* IFBrannanFilter.m */; };
		2D378EBA21115C2900A51DE8 /* IFLordKelvinFilter.m in Sources */ = {isa = PBXBuildFile; fileRef = 2D378E9621115C2600A51DE8 /* IFLordKelvinFilter.m */; };
		2D378EBB21115C2900A51DE8 /* IFSutroFilter.m in Sources */ = {isa = PBXBuildFile; fileRef = 2D378E9721115C2600A51DE8 /* IFSutroFilter.m */; };
		2D378EBC21115C2900A51DE8 /* IFWaldenFilter.m in Sources */ = {isa = PBXBuildFile; fileRef = 2D378E9821115C2600A51DE8 /* IFWaldenFilter.m */; };
		2D378EBD21115C2900A51DE8 /* IFEarlybirdFilter.m in Sources */ = {isa = PBXBuildFile; fileRef = 2D378E9A21115C2600A51DE8 /* IFEarlybirdFilter.m */; };
		2D378EBE21115C2900A51DE8 /* IFAmaroFilter.m in Sources */ = {isa = PBXBuildFile; fileRef = 2D378E9E21115C2600A51DE8 /* IFAmaroFilter.m */; };
		2D378EBF21115C2900A51DE8 /* IFRiseFilter.m in Sources */ = {isa = PBXBuildFile; fileRef = 2D378EA121115C2700A51DE8 /* IFRiseFilter.m */; };
		2D378EC021115C2900A51DE8 /* IFSierraFilter.m in Sources */ = {isa = PBXBuildFile; fileRef = 2D378EA221115C2700A51DE8 /* IFSierraFilter.m */; };
		2D378EC121115C2900A51DE8 /* IFValenciaFilter.m in Sources */ = {isa = PBXBuildFile; fileRef = 2D378EA321115C2700A51DE8 /* IFValenciaFilter.m */; };
		2D378EC221115C2900A51DE8 /* IF1977Filter.m in Sources */ = {isa = PBXBuildFile; fileRef = 2D378EA421115C2700A51DE8 /* IF1977Filter.m */; };
		2D378EC321115C2900A51DE8 /* IFHefeFilter.m in Sources */ = {isa = PBXBuildFile; fileRef = 2D378EA921115C2700A51DE8 /* IFHefeFilter.m */; };
		2D378EC421115C2900A51DE8 /* IFXproIIFilter.m in Sources */ = {isa = PBXBuildFile; fileRef = 2D378EAA21115C2700A51DE8 /* IFXproIIFilter.m */; };
		2D378EC521115C2900A51DE8 /* IFHudsonFilter.m in Sources */ = {isa = PBXBuildFile; fileRef = 2D378EAB21115C2700A51DE8 /* IFHudsonFilter.m */; };
		2D378EC621115C2900A51DE8 /* IFToasterFilter.m in Sources */ = {isa = PBXBuildFile; fileRef = 2D378EAE21115C2800A51DE8 /* IFToasterFilter.m */; };
		2D378EC721115C2900A51DE8 /* IFLomofiFilter.m in Sources */ = {isa = PBXBuildFile; fileRef = 2D378EAF21115C2800A51DE8 /* IFLomofiFilter.m */; };
		2D378EC821115C2900A51DE8 /* GPUImage.InstagramFilter.bundle in Resources */ = {isa = PBXBuildFile; fileRef = 2D378EB121115C2800A51DE8 /* GPUImage.InstagramFilter.bundle */; };
		2D378EC921115C2900A51DE8 /* IFNormalFilter.m in Sources */ = {isa = PBXBuildFile; fileRef = 2D378EB221115C2800A51DE8 /* IFNormalFilter.m */; };
		2D378ECA21115C2900A51DE8 /* IFImageFilter.m in Sources */ = {isa = PBXBuildFile; fileRef = 2D378EB321115C2800A51DE8 /* IFImageFilter.m */; };
		2D378ED121115C6600A51DE8 /* GPUImageFiveInputFilter.m in Sources */ = {isa = PBXBuildFile; fileRef = 2D378ECD21115C6500A51DE8 /* GPUImageFiveInputFilter.m */; };
		2D378ED221115C6600A51DE8 /* GPUImageSixInputFilter.m in Sources */ = {isa = PBXBuildFile; fileRef = 2D378ECF21115C6600A51DE8 /* GPUImageSixInputFilter.m */; };
		2D378ED321115C6600A51DE8 /* GPUImageFourInputFilter.m in Sources */ = {isa = PBXBuildFile; fileRef = 2D378ED021115C6600A51DE8 /* GPUImageFourInputFilter.m */; };
		2D378ED52111607600A51DE8 /* FilterGroup.swift in Sources */ = {isa = PBXBuildFile; fileRef = 2D378ED42111607600A51DE8 /* FilterGroup.swift */; };
		2D378ED7211181CE00A51DE8 /* FilterCollectionViewCell.swift in Sources */ = {isa = PBXBuildFile; fileRef = 2D378ED6211181CE00A51DE8 /* FilterCollectionViewCell.swift */; };
		2D378ED92112FB2B00A51DE8 /* Launch Screen.storyboard in Resources */ = {isa = PBXBuildFile; fileRef = 2D378ED82112FB2B00A51DE8 /* Launch Screen.storyboard */; };
		2D396A1D211ABE2F0049FE40 /* RoundProgressButtonView.swift in Sources */ = {isa = PBXBuildFile; fileRef = 2D396A1C211ABE2F0049FE40 /* RoundProgressButtonView.swift */; };
		2D3A158921085257005131B8 /* AppDelegate.swift in Sources */ = {isa = PBXBuildFile; fileRef = 2D3A158821085257005131B8 /* AppDelegate.swift */; };
		2D3A15B72108569C005131B8 /* FConViewController.swift in Sources */ = {isa = PBXBuildFile; fileRef = 2D3A15B62108569C005131B8 /* FConViewController.swift */; };
		2D3A15C421097969005131B8 /* Propoty.swift in Sources */ = {isa = PBXBuildFile; fileRef = 2D3A15C321097969005131B8 /* Propoty.swift */; };
		2D3A15C621099854005131B8 /* DefaultBotomView.swift in Sources */ = {isa = PBXBuildFile; fileRef = 2D3A15C521099854005131B8 /* DefaultBotomView.swift */; };
		2D3A15C82109A038005131B8 /* CheckViewController.swift in Sources */ = {isa = PBXBuildFile; fileRef = 2D3A15C72109A038005131B8 /* CheckViewController.swift */; };
		2D3A15CB2109B105005131B8 /* NewUIButton.swift in Sources */ = {isa = PBXBuildFile; fileRef = 2D3A15CA2109B105005131B8 /* NewUIButton.swift */; };
		2D502351210AB8E200A7559A /* FillterSelectView.swift in Sources */ = {isa = PBXBuildFile; fileRef = 2D502350210AB8E200A7559A /* FillterSelectView.swift */; };
		2D85F24F212A97E5008AD54D /* SaveVideoManager.swift in Sources */ = {isa = PBXBuildFile; fileRef = 2D85F24E212A97E5008AD54D /* SaveVideoManager.swift */; };
		2DB0290D21465AA8009A2821 /* SettingModel.swift in Sources */ = {isa = PBXBuildFile; fileRef = 2DB0290C21465AA8009A2821 /* SettingModel.swift */; };
		2DB0291321466F86009A2821 /* SettingTableViewCell.swift in Sources */ = {isa = PBXBuildFile; fileRef = 2DB0291121466F86009A2821 /* SettingTableViewCell.swift */; };
		2DB0291421466F86009A2821 /* SettingTableViewCell.xib in Resources */ = {isa = PBXBuildFile; fileRef = 2DB0291221466F86009A2821 /* SettingTableViewCell.xib */; };
		2DB029162146710D009A2821 /* Assets.xcassets in Resources */ = {isa = PBXBuildFile; fileRef = 2DB029152146710D009A2821 /* Assets.xcassets */; };
		2DB0291821478BBB009A2821 /* FolderWebViewController.swift in Sources */ = {isa = PBXBuildFile; fileRef = 2DB0291721478BBB009A2821 /* FolderWebViewController.swift */; };
		2DB0291B21478D5F009A2821 /* UpdateManager.swift in Sources */ = {isa = PBXBuildFile; fileRef = 2DB0291A21478D5F009A2821 /* UpdateManager.swift */; };
		2DB116A7213541E100D17A70 /* LivePhotoPreviewViewController.swift in Sources */ = {isa = PBXBuildFile; fileRef = 2DB116A6213541E100D17A70 /* LivePhotoPreviewViewController.swift */; };
		2DB116AB2135440F00D17A70 /* JPEG.swift in Sources */ = {isa = PBXBuildFile; fileRef = 2DB116AA2135440F00D17A70 /* JPEG.swift */; };
		2DB116AD2135441900D17A70 /* QuickTimeMov.swift in Sources */ = {isa = PBXBuildFile; fileRef = 2DB116AC2135441900D17A70 /* QuickTimeMov.swift */; };
		2DB116AF213639C300D17A70 /* DeviceExtension.swift in Sources */ = {isa = PBXBuildFile; fileRef = 2DB116AE213639C300D17A70 /* DeviceExtension.swift */; };
		2DB116B821378B0F00D17A70 /* FDLivePhotoView.swift in Sources */ = {isa = PBXBuildFile; fileRef = 2DB116B721378B0F00D17A70 /* FDLivePhotoView.swift */; };
		2DB8F7382212775900F1C266 /* CameraEnum.swift in Sources */ = {isa = PBXBuildFile; fileRef = 2DB8F7372212775900F1C266 /* CameraEnum.swift */; };
		2DB8F73A2212815C00F1C266 /* BackImageView.swift in Sources */ = {isa = PBXBuildFile; fileRef = 2DB8F7392212815C00F1C266 /* BackImageView.swift */; };
		2DB8F73C2212902500F1C266 /* ViewControllerExtension.swift in Sources */ = {isa = PBXBuildFile; fileRef = 2DB8F73B2212902500F1C266 /* ViewControllerExtension.swift */; };
		2DB8F73E2212C4EC00F1C266 /* RoutingService.swift in Sources */ = {isa = PBXBuildFile; fileRef = 2DB8F73D2212C4EC00F1C266 /* RoutingService.swift */; };
		2DB8F7412212C98C00F1C266 /* cameraManager.swift in Sources */ = {isa = PBXBuildFile; fileRef = 2DB8F7402212C98C00F1C266 /* cameraManager.swift */; };
		2DC0682621425C7300551531 /* CallSettingView.swift in Sources */ = {isa = PBXBuildFile; fileRef = 2DC0682521425C7300551531 /* CallSettingView.swift */; };
		2DC6576F212C09AE001A2571 /* LineProgress.swift in Sources */ = {isa = PBXBuildFile; fileRef = 2DC6576E212C09AE001A2571 /* LineProgress.swift */; };
		2DE7BE6C21FFF9330090F18E /* Inceptionv3.mlmodel in Sources */ = {isa = PBXBuildFile; fileRef = 2DE7BE6B21FFF9330090F18E /* Inceptionv3.mlmodel */; };
		2DF4891821464B1000423A6A /* SettingViewController.swift in Sources */ = {isa = PBXBuildFile; fileRef = 2DF4891721464B1000423A6A /* SettingViewController.swift */; };
		2DF4891C21464D0400423A6A /* SettingTableView.swift in Sources */ = {isa = PBXBuildFile; fileRef = 2DF4891B21464D0400423A6A /* SettingTableView.swift */; };
/* End PBXBuildFile section */

/* Begin PBXFileReference section */
		2D03969E211D70B9004E87C0 /* DesignedGPUImageFilter.h */ = {isa = PBXFileReference; lastKnownFileType = sourcecode.c.h; path = DesignedGPUImageFilter.h; sourceTree = "<group>"; };
		2D03969F211D70B9004E87C0 /* DesignedGPUImageFilter.m */ = {isa = PBXFileReference; lastKnownFileType = sourcecode.c.objc; path = DesignedGPUImageFilter.m; sourceTree = "<group>"; };
		2D1B88EB2110574D00773678 /* MyFirstGPUImage-Bridging-Header.h */ = {isa = PBXFileReference; lastKnownFileType = sourcecode.c.h; path = "MyFirstGPUImage-Bridging-Header.h"; sourceTree = "<group>"; };
		2D1F725C21F9AF2000536131 /* publicFunc.swift */ = {isa = PBXFileReference; lastKnownFileType = sourcecode.swift; path = publicFunc.swift; sourceTree = "<group>"; };
		2D1F726021F9C3D800536131 /* ImageDetailViewController.swift */ = {isa = PBXFileReference; fileEncoding = 4; lastKnownFileType = sourcecode.swift; path = ImageDetailViewController.swift; sourceTree = "<group>"; };
		2D1F726121F9C3D800536131 /* ItemCollectionViewController.swift */ = {isa = PBXFileReference; fileEncoding = 4; lastKnownFileType = sourcecode.swift; path = ItemCollectionViewController.swift; sourceTree = "<group>"; };
		2D1F726221F9C3D800536131 /* AlbumViewController.swift */ = {isa = PBXFileReference; fileEncoding = 4; lastKnownFileType = sourcecode.swift; path = AlbumViewController.swift; sourceTree = "<group>"; };
		2D1F726521F9C3D800536131 /* AlbumItem.swift */ = {isa = PBXFileReference; fileEncoding = 4; lastKnownFileType = sourcecode.swift; path = AlbumItem.swift; sourceTree = "<group>"; };
		2D1F726721F9C3D800536131 /* AlbumDataSource.swift */ = {isa = PBXFileReference; fileEncoding = 4; lastKnownFileType = sourcecode.swift; path = AlbumDataSource.swift; sourceTree = "<group>"; };
		2D1F726E21F9C3D800536131 /* ItemCollectionViewCell.swift */ = {isa = PBXFileReference; fileEncoding = 4; lastKnownFileType = sourcecode.swift; path = ItemCollectionViewCell.swift; sourceTree = "<group>"; };
		2D1F726F21F9C3D800536131 /* AlbumTableViewCell.swift */ = {isa = PBXFileReference; fileEncoding = 4; lastKnownFileType = sourcecode.swift; path = AlbumTableViewCell.swift; sourceTree = "<group>"; };
		2D1F727021F9C3D800536131 /* AlbumTableViewCell.xib */ = {isa = PBXFileReference; fileEncoding = 4; lastKnownFileType = file.xib; path = AlbumTableViewCell.xib; sourceTree = "<group>"; };
		2D1F727121F9C3D800536131 /* ItemCollectionViewCell.xib */ = {isa = PBXFileReference; fileEncoding = 4; lastKnownFileType = file.xib; path = ItemCollectionViewCell.xib; sourceTree = "<group>"; };
		2D1F727321F9C3D800536131 /* BannerView.swift */ = {isa = PBXFileReference; fileEncoding = 4; lastKnownFileType = sourcecode.swift; path = BannerView.swift; sourceTree = "<group>"; };
		2D1F727421F9C3D800536131 /* BannerLayout.swift */ = {isa = PBXFileReference; fileEncoding = 4; lastKnownFileType = sourcecode.swift; path = BannerLayout.swift; sourceTree = "<group>"; };
		2D1F727521F9C3D800536131 /* BannerCollectionViewCell.swift */ = {isa = PBXFileReference; fileEncoding = 4; lastKnownFileType = sourcecode.swift; path = BannerCollectionViewCell.swift; sourceTree = "<group>"; };
		2D2716402133B2E800A93EDB /* GPUImageBeautifyFilter.m */ = {isa = PBXFileReference; fileEncoding = 4; lastKnownFileType = sourcecode.c.objc; path = GPUImageBeautifyFilter.m; sourceTree = "<group>"; };
		2D2716412133B2E800A93EDB /* GPUImageBeautifyFilter.h */ = {isa = PBXFileReference; fileEncoding = 4; lastKnownFileType = sourcecode.c.h; path = GPUImageBeautifyFilter.h; sourceTree = "<group>"; };
		2D2716442133C64900A93EDB /* SelectionView.swift */ = {isa = PBXFileReference; lastKnownFileType = sourcecode.swift; path = SelectionView.swift; sourceTree = "<group>"; };
		2D2D6D98211D7923005F8371 /* myShader.fsh */ = {isa = PBXFileReference; lastKnownFileType = sourcecode.glsl; path = myShader.fsh; sourceTree = "<group>"; };
		2D2D6D9A211D8561005F8371 /* TopVIew.swift */ = {isa = PBXFileReference; lastKnownFileType = sourcecode.swift; path = TopVIew.swift; sourceTree = "<group>"; };
		2D2D6DA221215D3E005F8371 /* playView.swift */ = {isa = PBXFileReference; lastKnownFileType = sourcecode.swift; path = playView.swift; sourceTree = "<group>"; };
		2D363D60212E7D3800F24ED2 /* FaceArea.swift */ = {isa = PBXFileReference; lastKnownFileType = sourcecode.swift; path = FaceArea.swift; sourceTree = "<group>"; };
		2D363D63212E7E0100F24ED2 /* FaceLayerView.swift */ = {isa = PBXFileReference; lastKnownFileType = sourcecode.swift; path = FaceLayerView.swift; sourceTree = "<group>"; };
		2D363D65212E80D500F24ED2 /* LayerExtension.swift */ = {isa = PBXFileReference; lastKnownFileType = sourcecode.swift; path = LayerExtension.swift; sourceTree = "<group>"; };
		2D378E8F21115C2500A51DE8 /* IFRiseFilter.h */ = {isa = PBXFileReference; fileEncoding = 4; lastKnownFileType = sourcecode.c.h; path = IFRiseFilter.h; sourceTree = "<group>"; };
		2D378E9021115C2500A51DE8 /* IFNashvilleFilter.m */ = {isa = PBXFileReference; fileEncoding = 4; lastKnownFileType = sourcecode.c.objc; path = IFNashvilleFilter.m; sourceTree = "<group>"; };
		2D378E9121115C2500A51DE8 /* IFEarlybirdFilter.h */ = {isa = PBXFileReference; fileEncoding = 4; lastKnownFileType = sourcecode.c.h; path = IFEarlybirdFilter.h; sourceTree = "<group>"; };
		2D378E9221115C2500A51DE8 /* IFInkwellFilter.m */ = {isa = PBXFileReference; fileEncoding = 4; lastKnownFileType = sourcecode.c.objc; path = IFInkwellFilter.m; sourceTree = "<group>"; };
		2D378E9321115C2500A51DE8 /* IFLomofiFilter.h */ = {isa = PBXFileReference; fileEncoding = 4; lastKnownFileType = sourcecode.c.h; path = IFLomofiFilter.h; sourceTree = "<group>"; };
		2D378E9421115C2500A51DE8 /* IFBrannanFilter.m */ = {isa = PBXFileReference; fileEncoding = 4; lastKnownFileType = sourcecode.c.objc; path = IFBrannanFilter.m; sourceTree = "<group>"; };
		2D378E9521115C2500A51DE8 /* IFSutroFilter.h */ = {isa = PBXFileReference; fileEncoding = 4; lastKnownFileType = sourcecode.c.h; path = IFSutroFilter.h; sourceTree = "<group>"; };
		2D378E9621115C2600A51DE8 /* IFLordKelvinFilter.m */ = {isa = PBXFileReference; fileEncoding = 4; lastKnownFileType = sourcecode.c.objc; path = IFLordKelvinFilter.m; sourceTree = "<group>"; };
		2D378E9721115C2600A51DE8 /* IFSutroFilter.m */ = {isa = PBXFileReference; fileEncoding = 4; lastKnownFileType = sourcecode.c.objc; path = IFSutroFilter.m; sourceTree = "<group>"; };
		2D378E9821115C2600A51DE8 /* IFWaldenFilter.m */ = {isa = PBXFileReference; fileEncoding = 4; lastKnownFileType = sourcecode.c.objc; path = IFWaldenFilter.m; sourceTree = "<group>"; };
		2D378E9921115C2600A51DE8 /* IFBrannanFilter.h */ = {isa = PBXFileReference; fileEncoding = 4; lastKnownFileType = sourcecode.c.h; path = IFBrannanFilter.h; sourceTree = "<group>"; };
		2D378E9A21115C2600A51DE8 /* IFEarlybirdFilter.m */ = {isa = PBXFileReference; fileEncoding = 4; lastKnownFileType = sourcecode.c.objc; path = IFEarlybirdFilter.m; sourceTree = "<group>"; };
		2D378E9B21115C2600A51DE8 /* IFAmaroFilter.h */ = {isa = PBXFileReference; fileEncoding = 4; lastKnownFileType = sourcecode.c.h; path = IFAmaroFilter.h; sourceTree = "<group>"; };
		2D378E9C21115C2600A51DE8 /* IFLordKelvinFilter.h */ = {isa = PBXFileReference; fileEncoding = 4; lastKnownFileType = sourcecode.c.h; path = IFLordKelvinFilter.h; sourceTree = "<group>"; };
		2D378E9D21115C2600A51DE8 /* IFInkwellFilter.h */ = {isa = PBXFileReference; fileEncoding = 4; lastKnownFileType = sourcecode.c.h; path = IFInkwellFilter.h; sourceTree = "<group>"; };
		2D378E9E21115C2600A51DE8 /* IFAmaroFilter.m */ = {isa = PBXFileReference; fileEncoding = 4; lastKnownFileType = sourcecode.c.objc; path = IFAmaroFilter.m; sourceTree = "<group>"; };
		2D378E9F21115C2700A51DE8 /* IFValenciaFilter.h */ = {isa = PBXFileReference; fileEncoding = 4; lastKnownFileType = sourcecode.c.h; path = IFValenciaFilter.h; sourceTree = "<group>"; };
		2D378EA021115C2700A51DE8 /* InstaFilters.h */ = {isa = PBXFileReference; fileEncoding = 4; lastKnownFileType = sourcecode.c.h; path = InstaFilters.h; sourceTree = "<group>"; };
		2D378EA121115C2700A51DE8 /* IFRiseFilter.m */ = {isa = PBXFileReference; fileEncoding = 4; lastKnownFileType = sourcecode.c.objc; path = IFRiseFilter.m; sourceTree = "<group>"; };
		2D378EA221115C2700A51DE8 /* IFSierraFilter.m */ = {isa = PBXFileReference; fileEncoding = 4; lastKnownFileType = sourcecode.c.objc; path = IFSierraFilter.m; sourceTree = "<group>"; };
		2D378EA321115C2700A51DE8 /* IFValenciaFilter.m */ = {isa = PBXFileReference; fileEncoding = 4; lastKnownFileType = sourcecode.c.objc; path = IFValenciaFilter.m; sourceTree = "<group>"; };
		2D378EA421115C2700A51DE8 /* IF1977Filter.m */ = {isa = PBXFileReference; fileEncoding = 4; lastKnownFileType = sourcecode.c.objc; path = IF1977Filter.m; sourceTree = "<group>"; };
		2D378EA521115C2700A51DE8 /* IFSierraFilter.h */ = {isa = PBXFileReference; fileEncoding = 4; lastKnownFileType = sourcecode.c.h; path = IFSierraFilter.h; sourceTree = "<group>"; };
		2D378EA621115C2700A51DE8 /* IFHudsonFilter.h */ = {isa = PBXFileReference; fileEncoding = 4; lastKnownFileType = sourcecode.c.h; path = IFHudsonFilter.h; sourceTree = "<group>"; };
		2D378EA721115C2700A51DE8 /* IFNormalFilter.h */ = {isa = PBXFileReference; fileEncoding = 4; lastKnownFileType = sourcecode.c.h; path = IFNormalFilter.h; sourceTree = "<group>"; };
		2D378EA821115C2700A51DE8 /* IFNashvilleFilter.h */ = {isa = PBXFileReference; fileEncoding = 4; lastKnownFileType = sourcecode.c.h; path = IFNashvilleFilter.h; sourceTree = "<group>"; };
		2D378EA921115C2700A51DE8 /* IFHefeFilter.m */ = {isa = PBXFileReference; fileEncoding = 4; lastKnownFileType = sourcecode.c.objc; path = IFHefeFilter.m; sourceTree = "<group>"; };
		2D378EAA21115C2700A51DE8 /* IFXproIIFilter.m */ = {isa = PBXFileReference; fileEncoding = 4; lastKnownFileType = sourcecode.c.objc; path = IFXproIIFilter.m; sourceTree = "<group>"; };
		2D378EAB21115C2700A51DE8 /* IFHudsonFilter.m */ = {isa = PBXFileReference; fileEncoding = 4; lastKnownFileType = sourcecode.c.objc; path = IFHudsonFilter.m; sourceTree = "<group>"; };
		2D378EAC21115C2700A51DE8 /* IFImageFilter.h */ = {isa = PBXFileReference; fileEncoding = 4; lastKnownFileType = sourcecode.c.h; path = IFImageFilter.h; sourceTree = "<group>"; };
		2D378EAD21115C2800A51DE8 /* IFToasterFilter.h */ = {isa = PBXFileReference; fileEncoding = 4; lastKnownFileType = sourcecode.c.h; path = IFToasterFilter.h; sourceTree = "<group>"; };
		2D378EAE21115C2800A51DE8 /* IFToasterFilter.m */ = {isa = PBXFileReference; fileEncoding = 4; lastKnownFileType = sourcecode.c.objc; path = IFToasterFilter.m; sourceTree = "<group>"; };
		2D378EAF21115C2800A51DE8 /* IFLomofiFilter.m */ = {isa = PBXFileReference; fileEncoding = 4; lastKnownFileType = sourcecode.c.objc; path = IFLomofiFilter.m; sourceTree = "<group>"; };
		2D378EB021115C2800A51DE8 /* IF1977Filter.h */ = {isa = PBXFileReference; fileEncoding = 4; lastKnownFileType = sourcecode.c.h; path = IF1977Filter.h; sourceTree = "<group>"; };
		2D378EB121115C2800A51DE8 /* GPUImage.InstagramFilter.bundle */ = {isa = PBXFileReference; lastKnownFileType = "wrapper.plug-in"; path = GPUImage.InstagramFilter.bundle; sourceTree = "<group>"; };
		2D378EB221115C2800A51DE8 /* IFNormalFilter.m */ = {isa = PBXFileReference; fileEncoding = 4; lastKnownFileType = sourcecode.c.objc; path = IFNormalFilter.m; sourceTree = "<group>"; };
		2D378EB321115C2800A51DE8 /* IFImageFilter.m */ = {isa = PBXFileReference; fileEncoding = 4; lastKnownFileType = sourcecode.c.objc; path = IFImageFilter.m; sourceTree = "<group>"; };
		2D378EB421115C2800A51DE8 /* IFWaldenFilter.h */ = {isa = PBXFileReference; fileEncoding = 4; lastKnownFileType = sourcecode.c.h; path = IFWaldenFilter.h; sourceTree = "<group>"; };
		2D378EB521115C2900A51DE8 /* IFHefeFilter.h */ = {isa = PBXFileReference; fileEncoding = 4; lastKnownFileType = sourcecode.c.h; path = IFHefeFilter.h; sourceTree = "<group>"; };
		2D378EB621115C2900A51DE8 /* IFXproIIFilter.h */ = {isa = PBXFileReference; fileEncoding = 4; lastKnownFileType = sourcecode.c.h; path = IFXproIIFilter.h; sourceTree = "<group>"; };
		2D378ECB21115C6500A51DE8 /* GPUImageFiveInputFilter.h */ = {isa = PBXFileReference; fileEncoding = 4; lastKnownFileType = sourcecode.c.h; path = GPUImageFiveInputFilter.h; sourceTree = "<group>"; };
		2D378ECC21115C6500A51DE8 /* GPUImageFourInputFilter.h */ = {isa = PBXFileReference; fileEncoding = 4; lastKnownFileType = sourcecode.c.h; path = GPUImageFourInputFilter.h; sourceTree = "<group>"; };
		2D378ECD21115C6500A51DE8 /* GPUImageFiveInputFilter.m */ = {isa = PBXFileReference; fileEncoding = 4; lastKnownFileType = sourcecode.c.objc; path = GPUImageFiveInputFilter.m; sourceTree = "<group>"; };
		2D378ECE21115C6600A51DE8 /* GPUImageSixInputFilter.h */ = {isa = PBXFileReference; fileEncoding = 4; lastKnownFileType = sourcecode.c.h; path = GPUImageSixInputFilter.h; sourceTree = "<group>"; };
		2D378ECF21115C6600A51DE8 /* GPUImageSixInputFilter.m */ = {isa = PBXFileReference; fileEncoding = 4; lastKnownFileType = sourcecode.c.objc; path = GPUImageSixInputFilter.m; sourceTree = "<group>"; };
		2D378ED021115C6600A51DE8 /* GPUImageFourInputFilter.m */ = {isa = PBXFileReference; fileEncoding = 4; lastKnownFileType = sourcecode.c.objc; path = GPUImageFourInputFilter.m; sourceTree = "<group>"; };
		2D378ED42111607600A51DE8 /* FilterGroup.swift */ = {isa = PBXFileReference; lastKnownFileType = sourcecode.swift; path = FilterGroup.swift; sourceTree = "<group>"; };
		2D378ED6211181CE00A51DE8 /* FilterCollectionViewCell.swift */ = {isa = PBXFileReference; lastKnownFileType = sourcecode.swift; path = FilterCollectionViewCell.swift; sourceTree = "<group>"; };
		2D378ED82112FB2B00A51DE8 /* Launch Screen.storyboard */ = {isa = PBXFileReference; lastKnownFileType = file.storyboard; path = "Launch Screen.storyboard"; sourceTree = "<group>"; };
		2D396A1C211ABE2F0049FE40 /* RoundProgressButtonView.swift */ = {isa = PBXFileReference; lastKnownFileType = sourcecode.swift; path = RoundProgressButtonView.swift; sourceTree = "<group>"; };
		2D3A158521085257005131B8 /* MyFirstGPUImage.app */ = {isa = PBXFileReference; explicitFileType = wrapper.application; includeInIndex = 0; path = MyFirstGPUImage.app; sourceTree = BUILT_PRODUCTS_DIR; };
		2D3A158821085257005131B8 /* AppDelegate.swift */ = {isa = PBXFileReference; lastKnownFileType = sourcecode.swift; path = AppDelegate.swift; sourceTree = "<group>"; };
		2D3A159421085258005131B8 /* Info.plist */ = {isa = PBXFileReference; lastKnownFileType = text.plist.xml; path = Info.plist; sourceTree = "<group>"; };
		2D3A159D21085258005131B8 /* MyFirstGPUImageTests.swift */ = {isa = PBXFileReference; lastKnownFileType = sourcecode.swift; path = MyFirstGPUImageTests.swift; sourceTree = "<group>"; };
		2D3A159F21085258005131B8 /* Info.plist */ = {isa = PBXFileReference; lastKnownFileType = text.plist.xml; path = Info.plist; sourceTree = "<group>"; };
		2D3A15A821085258005131B8 /* MyFirstGPUImageUITests.swift */ = {isa = PBXFileReference; lastKnownFileType = sourcecode.swift; path = MyFirstGPUImageUITests.swift; sourceTree = "<group>"; };
		2D3A15AA21085258005131B8 /* Info.plist */ = {isa = PBXFileReference; lastKnownFileType = text.plist.xml; path = Info.plist; sourceTree = "<group>"; };
		2D3A15B62108569C005131B8 /* FConViewController.swift */ = {isa = PBXFileReference; lastKnownFileType = sourcecode.swift; path = FConViewController.swift; sourceTree = "<group>"; };
		2D3A15C321097969005131B8 /* Propoty.swift */ = {isa = PBXFileReference; lastKnownFileType = sourcecode.swift; path = Propoty.swift; sourceTree = "<group>"; };
		2D3A15C521099854005131B8 /* DefaultBotomView.swift */ = {isa = PBXFileReference; lastKnownFileType = sourcecode.swift; path = DefaultBotomView.swift; sourceTree = "<group>"; };
		2D3A15C72109A038005131B8 /* CheckViewController.swift */ = {isa = PBXFileReference; lastKnownFileType = sourcecode.swift; path = CheckViewController.swift; sourceTree = "<group>"; };
		2D3A15CA2109B105005131B8 /* NewUIButton.swift */ = {isa = PBXFileReference; lastKnownFileType = sourcecode.swift; path = NewUIButton.swift; sourceTree = "<group>"; };
		2D502350210AB8E200A7559A /* FillterSelectView.swift */ = {isa = PBXFileReference; lastKnownFileType = sourcecode.swift; path = FillterSelectView.swift; sourceTree = "<group>"; };
		2D85F24E212A97E5008AD54D /* SaveVideoManager.swift */ = {isa = PBXFileReference; lastKnownFileType = sourcecode.swift; path = SaveVideoManager.swift; sourceTree = "<group>"; };
		2DB0290C21465AA8009A2821 /* SettingModel.swift */ = {isa = PBXFileReference; lastKnownFileType = sourcecode.swift; path = SettingModel.swift; sourceTree = "<group>"; };
		2DB0291121466F86009A2821 /* SettingTableViewCell.swift */ = {isa = PBXFileReference; lastKnownFileType = sourcecode.swift; path = SettingTableViewCell.swift; sourceTree = "<group>"; };
		2DB0291221466F86009A2821 /* SettingTableViewCell.xib */ = {isa = PBXFileReference; lastKnownFileType = file.xib; path = SettingTableViewCell.xib; sourceTree = "<group>"; };
		2DB029152146710D009A2821 /* Assets.xcassets */ = {isa = PBXFileReference; lastKnownFileType = folder.assetcatalog; path = Assets.xcassets; sourceTree = "<group>"; };
		2DB0291721478BBB009A2821 /* FolderWebViewController.swift */ = {isa = PBXFileReference; lastKnownFileType = sourcecode.swift; path = FolderWebViewController.swift; sourceTree = "<group>"; };
		2DB0291A21478D5F009A2821 /* UpdateManager.swift */ = {isa = PBXFileReference; lastKnownFileType = sourcecode.swift; path = UpdateManager.swift; sourceTree = "<group>"; };
		2DB116A6213541E100D17A70 /* LivePhotoPreviewViewController.swift */ = {isa = PBXFileReference; lastKnownFileType = sourcecode.swift; path = LivePhotoPreviewViewController.swift; sourceTree = "<group>"; };
		2DB116AA2135440F00D17A70 /* JPEG.swift */ = {isa = PBXFileReference; fileEncoding = 4; lastKnownFileType = sourcecode.swift; path = JPEG.swift; sourceTree = "<group>"; };
		2DB116AC2135441900D17A70 /* QuickTimeMov.swift */ = {isa = PBXFileReference; fileEncoding = 4; lastKnownFileType = sourcecode.swift; path = QuickTimeMov.swift; sourceTree = "<group>"; };
		2DB116AE213639C300D17A70 /* DeviceExtension.swift */ = {isa = PBXFileReference; lastKnownFileType = sourcecode.swift; path = DeviceExtension.swift; sourceTree = "<group>"; };
		2DB116B721378B0F00D17A70 /* FDLivePhotoView.swift */ = {isa = PBXFileReference; lastKnownFileType = sourcecode.swift; path = FDLivePhotoView.swift; sourceTree = "<group>"; };
		2DB8F7372212775900F1C266 /* CameraEnum.swift */ = {isa = PBXFileReference; lastKnownFileType = sourcecode.swift; path = CameraEnum.swift; sourceTree = "<group>"; };
		2DB8F7392212815C00F1C266 /* BackImageView.swift */ = {isa = PBXFileReference; lastKnownFileType = sourcecode.swift; path = BackImageView.swift; sourceTree = "<group>"; };
		2DB8F73B2212902500F1C266 /* ViewControllerExtension.swift */ = {isa = PBXFileReference; lastKnownFileType = sourcecode.swift; path = ViewControllerExtension.swift; sourceTree = "<group>"; };
		2DB8F73D2212C4EC00F1C266 /* RoutingService.swift */ = {isa = PBXFileReference; lastKnownFileType = sourcecode.swift; path = RoutingService.swift; sourceTree = "<group>"; };
		2DB8F7402212C98C00F1C266 /* cameraManager.swift */ = {isa = PBXFileReference; lastKnownFileType = sourcecode.swift; path = cameraManager.swift; sourceTree = "<group>"; };
		2DC0682521425C7300551531 /* CallSettingView.swift */ = {isa = PBXFileReference; lastKnownFileType = sourcecode.swift; path = CallSettingView.swift; sourceTree = "<group>"; };
		2DC6576E212C09AE001A2571 /* LineProgress.swift */ = {isa = PBXFileReference; lastKnownFileType = sourcecode.swift; path = LineProgress.swift; sourceTree = "<group>"; };
		2DE7BE6B21FFF9330090F18E /* Inceptionv3.mlmodel */ = {isa = PBXFileReference; lastKnownFileType = file.mlmodel; path = Inceptionv3.mlmodel; sourceTree = "<group>"; };
		2DF4891721464B1000423A6A /* SettingViewController.swift */ = {isa = PBXFileReference; lastKnownFileType = sourcecode.swift; path = SettingViewController.swift; sourceTree = "<group>"; };
		2DF4891B21464D0400423A6A /* SettingTableView.swift */ = {isa = PBXFileReference; lastKnownFileType = sourcecode.swift; path = SettingTableView.swift; sourceTree = "<group>"; };
		6EA227A6B6B79861372E3272 /* Pods-MyFirstGPUImage.release.xcconfig */ = {isa = PBXFileReference; includeInIndex = 1; lastKnownFileType = text.xcconfig; name = "Pods-MyFirstGPUImage.release.xcconfig"; path = "Pods/Target Support Files/Pods-MyFirstGPUImage/Pods-MyFirstGPUImage.release.xcconfig"; sourceTree = "<group>"; };
		B90C9E859F51270B2744A7B8 /* Pods_MyFirstGPUImage.framework */ = {isa = PBXFileReference; explicitFileType = wrapper.framework; includeInIndex = 0; path = Pods_MyFirstGPUImage.framework; sourceTree = BUILT_PRODUCTS_DIR; };
		BB499B0F118CC40AAC7E5E06 /* Pods-MyFirstGPUImage.debug.xcconfig */ = {isa = PBXFileReference; includeInIndex = 1; lastKnownFileType = text.xcconfig; name = "Pods-MyFirstGPUImage.debug.xcconfig"; path = "Pods/Target Support Files/Pods-MyFirstGPUImage/Pods-MyFirstGPUImage.debug.xcconfig"; sourceTree = "<group>"; };
/* End PBXFileReference section */

/* Begin PBXFrameworksBuildPhase section */
		2D3A158221085257005131B8 /* Frameworks */ = {
			isa = PBXFrameworksBuildPhase;
			buildActionMask = 2147483647;
			files = (
				0B10007E1569F76E1CAB1456 /* Pods_MyFirstGPUImage.framework in Frameworks */,
			);
			runOnlyForDeploymentPostprocessing = 0;
		};
/* End PBXFrameworksBuildPhase section */

/* Begin PBXGroup section */
		2D1B88EA2110572B00773678 /* Framework */ = {
			isa = PBXGroup;
			children = (
				2D1B88EB2110574D00773678 /* MyFirstGPUImage-Bridging-Header.h */,
				2D378E3C2111516A00A51DE8 /* Filter */,
			);
			path = Framework;
			sourceTree = "<group>";
		};
		2D1F725E21F9C3D800536131 /* Album */ = {
			isa = PBXGroup;
			children = (
				2D1F725F21F9C3D800536131 /* Controller */,
				2D1F726421F9C3D800536131 /* Model */,
				2D1F726821F9C3D800536131 /* View */,
			);
			path = Album;
			sourceTree = "<group>";
		};
		2D1F725F21F9C3D800536131 /* Controller */ = {
			isa = PBXGroup;
			children = (
				2D1F726021F9C3D800536131 /* ImageDetailViewController.swift */,
				2D1F726121F9C3D800536131 /* ItemCollectionViewController.swift */,
				2D1F726221F9C3D800536131 /* AlbumViewController.swift */,
				2D1F726321F9C3D800536131 /* New Group */,
			);
			path = Controller;
			sourceTree = "<group>";
		};
		2D1F726321F9C3D800536131 /* New Group */ = {
			isa = PBXGroup;
			children = (
			);
			path = "New Group";
			sourceTree = "<group>";
		};
		2D1F726421F9C3D800536131 /* Model */ = {
			isa = PBXGroup;
			children = (
				2D1F726521F9C3D800536131 /* AlbumItem.swift */,
				2D1F726621F9C3D800536131 /* w Group */,
				2D1F726721F9C3D800536131 /* AlbumDataSource.swift */,
			);
			path = Model;
			sourceTree = "<group>";
		};
		2D1F726621F9C3D800536131 /* w Group */ = {
			isa = PBXGroup;
			children = (
			);
			path = "w Group";
			sourceTree = "<group>";
		};
		2D1F726821F9C3D800536131 /* View */ = {
			isa = PBXGroup;
			children = (
				2D1F726921F9C3D800536131 /* Expend */,
				2D1F726E21F9C3D800536131 /* ItemCollectionViewCell.swift */,
				2D1F726F21F9C3D800536131 /* AlbumTableViewCell.swift */,
				2D1F727021F9C3D800536131 /* AlbumTableViewCell.xib */,
				2D1F727121F9C3D800536131 /* ItemCollectionViewCell.xib */,
				2D1F727221F9C3D800536131 /* Banner */,
			);
			path = View;
			sourceTree = "<group>";
		};
		2D1F726921F9C3D800536131 /* Expend */ = {
			isa = PBXGroup;
			children = (
				2D1F726A21F9C3D800536131 /* Framework */,
			);
			path = Expend;
			sourceTree = "<group>";
		};
		2D1F726A21F9C3D800536131 /* Framework */ = {
			isa = PBXGroup;
			children = (
				2D1F726B21F9C3D800536131 /* Filter */,
			);
			path = Framework;
			sourceTree = "<group>";
		};
		2D1F726B21F9C3D800536131 /* Filter */ = {
			isa = PBXGroup;
			children = (
				2D1F726C21F9C3D800536131 /* FilterSource */,
			);
			path = Filter;
			sourceTree = "<group>";
		};
		2D1F726C21F9C3D800536131 /* FilterSource */ = {
			isa = PBXGroup;
			children = (
				2D1F726D21F9C3D800536131 /* New Group */,
			);
			path = FilterSource;
			sourceTree = "<group>";
		};
		2D1F726D21F9C3D800536131 /* New Group */ = {
			isa = PBXGroup;
			children = (
			);
			path = "New Group";
			sourceTree = "<group>";
		};
		2D1F727221F9C3D800536131 /* Banner */ = {
			isa = PBXGroup;
			children = (
				2D1F727321F9C3D800536131 /* BannerView.swift */,
				2D1F727421F9C3D800536131 /* BannerLayout.swift */,
				2D1F727521F9C3D800536131 /* BannerCollectionViewCell.swift */,
				2D1F727621F9C3D800536131 /* New Group */,
			);
			path = Banner;
			sourceTree = "<group>";
		};
		2D1F727621F9C3D800536131 /* New Group */ = {
			isa = PBXGroup;
			children = (
			);
			path = "New Group";
			sourceTree = "<group>";
		};
		2D2D6D9E21215CD4005F8371 /* CheckConfirm */ = {
			isa = PBXGroup;
			children = (
				2D2D6DA121215CF9005F8371 /* Model */,
				2D2D6DA021215CF4005F8371 /* View */,
				2D2D6D9F21215CE8005F8371 /* Controller */,
			);
			path = CheckConfirm;
			sourceTree = "<group>";
		};
		2D2D6D9F21215CE8005F8371 /* Controller */ = {
			isa = PBXGroup;
			children = (
				2D3A15C72109A038005131B8 /* CheckViewController.swift */,
			);
			path = Controller;
			sourceTree = "<group>";
		};
		2D2D6DA021215CF4005F8371 /* View */ = {
			isa = PBXGroup;
			children = (
				2D2D6DA221215D3E005F8371 /* playView.swift */,
			);
			path = View;
			sourceTree = "<group>";
		};
		2D2D6DA121215CF9005F8371 /* Model */ = {
			isa = PBXGroup;
			children = (
			);
			path = Model;
			sourceTree = "<group>";
		};
		2D363D62212E7DE500F24ED2 /* View */ = {
			isa = PBXGroup;
			children = (
				2D363D63212E7E0100F24ED2 /* FaceLayerView.swift */,
			);
			path = View;
			sourceTree = "<group>";
		};
		2D378E3C2111516A00A51DE8 /* Filter */ = {
			isa = PBXGroup;
			children = (
				2D2716412133B2E800A93EDB /* GPUImageBeautifyFilter.h */,
				2D2716402133B2E800A93EDB /* GPUImageBeautifyFilter.m */,
				2D378E462111519D00A51DE8 /* FilterSource */,
				2D03969E211D70B9004E87C0 /* DesignedGPUImageFilter.h */,
				2D03969F211D70B9004E87C0 /* DesignedGPUImageFilter.m */,
			);
			path = Filter;
			sourceTree = "<group>";
		};
		2D378E462111519D00A51DE8 /* FilterSource */ = {
			isa = PBXGroup;
			children = (
				2D378E8E21115C1E00A51DE8 /* New Group */,
			);
			path = FilterSource;
			sourceTree = "<group>";
		};
		2D378E8E21115C1E00A51DE8 /* New Group */ = {
			isa = PBXGroup;
			children = (
				2D378ECB21115C6500A51DE8 /* GPUImageFiveInputFilter.h */,
				2D378ECD21115C6500A51DE8 /* GPUImageFiveInputFilter.m */,
				2D378ECC21115C6500A51DE8 /* GPUImageFourInputFilter.h */,
				2D378ED021115C6600A51DE8 /* GPUImageFourInputFilter.m */,
				2D378ECE21115C6600A51DE8 /* GPUImageSixInputFilter.h */,
				2D378ECF21115C6600A51DE8 /* GPUImageSixInputFilter.m */,
				2D378EB121115C2800A51DE8 /* GPUImage.InstagramFilter.bundle */,
				2D378EB021115C2800A51DE8 /* IF1977Filter.h */,
				2D378EA421115C2700A51DE8 /* IF1977Filter.m */,
				2D378E9B21115C2600A51DE8 /* IFAmaroFilter.h */,
				2D378E9E21115C2600A51DE8 /* IFAmaroFilter.m */,
				2D378E9921115C2600A51DE8 /* IFBrannanFilter.h */,
				2D378E9421115C2500A51DE8 /* IFBrannanFilter.m */,
				2D378E9121115C2500A51DE8 /* IFEarlybirdFilter.h */,
				2D378E9A21115C2600A51DE8 /* IFEarlybirdFilter.m */,
				2D378EB521115C2900A51DE8 /* IFHefeFilter.h */,
				2D378EA921115C2700A51DE8 /* IFHefeFilter.m */,
				2D378EA621115C2700A51DE8 /* IFHudsonFilter.h */,
				2D378EAB21115C2700A51DE8 /* IFHudsonFilter.m */,
				2D378EAC21115C2700A51DE8 /* IFImageFilter.h */,
				2D378EB321115C2800A51DE8 /* IFImageFilter.m */,
				2D378E9D21115C2600A51DE8 /* IFInkwellFilter.h */,
				2D378E9221115C2500A51DE8 /* IFInkwellFilter.m */,
				2D378E9321115C2500A51DE8 /* IFLomofiFilter.h */,
				2D378EAF21115C2800A51DE8 /* IFLomofiFilter.m */,
				2D378E9C21115C2600A51DE8 /* IFLordKelvinFilter.h */,
				2D378E9621115C2600A51DE8 /* IFLordKelvinFilter.m */,
				2D378EA821115C2700A51DE8 /* IFNashvilleFilter.h */,
				2D378E9021115C2500A51DE8 /* IFNashvilleFilter.m */,
				2D378EA721115C2700A51DE8 /* IFNormalFilter.h */,
				2D378EB221115C2800A51DE8 /* IFNormalFilter.m */,
				2D378E8F21115C2500A51DE8 /* IFRiseFilter.h */,
				2D378EA121115C2700A51DE8 /* IFRiseFilter.m */,
				2D378EA521115C2700A51DE8 /* IFSierraFilter.h */,
				2D378EA221115C2700A51DE8 /* IFSierraFilter.m */,
				2D378E9521115C2500A51DE8 /* IFSutroFilter.h */,
				2D378E9721115C2600A51DE8 /* IFSutroFilter.m */,
				2D378EAD21115C2800A51DE8 /* IFToasterFilter.h */,
				2D378EAE21115C2800A51DE8 /* IFToasterFilter.m */,
				2D378E9F21115C2700A51DE8 /* IFValenciaFilter.h */,
				2D378EA321115C2700A51DE8 /* IFValenciaFilter.m */,
				2D378EB421115C2800A51DE8 /* IFWaldenFilter.h */,
				2D378E9821115C2600A51DE8 /* IFWaldenFilter.m */,
				2D378EB621115C2900A51DE8 /* IFXproIIFilter.h */,
				2D378EAA21115C2700A51DE8 /* IFXproIIFilter.m */,
				2D378EA021115C2700A51DE8 /* InstaFilters.h */,
			);
			path = "New Group";
			sourceTree = "<group>";
		};
		2D3A157C21085257005131B8 = {
			isa = PBXGroup;
			children = (
				2D3A158721085257005131B8 /* MyFirstGPUImage */,
				2D3A159C21085258005131B8 /* MyFirstGPUImageTests */,
				2D3A15A721085258005131B8 /* MyFirstGPUImageUITests */,
				2D3A158621085257005131B8 /* Products */,
				37A8B1F276EF857EBE3F9D5B /* Pods */,
				AA5F25CFB6BC38DAE45F780E /* Frameworks */,
			);
			sourceTree = "<group>";
		};
		2D3A158621085257005131B8 /* Products */ = {
			isa = PBXGroup;
			children = (
				2D3A158521085257005131B8 /* MyFirstGPUImage.app */,
			);
			name = Products;
			sourceTree = "<group>";
		};
		2D3A158721085257005131B8 /* MyFirstGPUImage */ = {
			isa = PBXGroup;
			children = (
				2DE7BE6B21FFF9330090F18E /* Inceptionv3.mlmodel */,
				2D85F250212A9808008AD54D /* Tools */,
				2D2D6D98211D7923005F8371 /* myShader.fsh */,
				2D378ED82112FB2B00A51DE8 /* Launch Screen.storyboard */,
				2D3A159421085258005131B8 /* Info.plist */,
				2D3A15C92109B0E3005131B8 /* Extension */,
				2D3A15C121097943005131B8 /* Expend */,
				2D3A15BA210974C3005131B8 /* Base */,
				2D3A15BB210974D7005131B8 /* Resource */,
				2D3A15B9210974B2005131B8 /* Main */,
			);
			path = MyFirstGPUImage;
			sourceTree = "<group>";
		};
		2D3A159C21085258005131B8 /* MyFirstGPUImageTests */ = {
			isa = PBXGroup;
			children = (
				2D3A159D21085258005131B8 /* MyFirstGPUImageTests.swift */,
				2D3A159F21085258005131B8 /* Info.plist */,
			);
			path = MyFirstGPUImageTests;
			sourceTree = "<group>";
		};
		2D3A15A721085258005131B8 /* MyFirstGPUImageUITests */ = {
			isa = PBXGroup;
			children = (
				2D3A15A821085258005131B8 /* MyFirstGPUImageUITests.swift */,
				2D3A15AA21085258005131B8 /* Info.plist */,
			);
			path = MyFirstGPUImageUITests;
			sourceTree = "<group>";
		};
		2D3A15B821097408005131B8 /* IndexCamera */ = {
			isa = PBXGroup;
			children = (
				2DB8F73F2212C8DC00F1C266 /* Manager */,
				2DC65770212E5E07001A2571 /* FaceDetection */,
				2D3A15BE21097537005131B8 /* Model */,
				2D3A15BD21097531005131B8 /* View */,
				2D3A15BC2109752C005131B8 /* Controller */,
			);
			path = IndexCamera;
			sourceTree = "<group>";
		};
		2D3A15B9210974B2005131B8 /* Main */ = {
			isa = PBXGroup;
			children = (
				2D1F725E21F9C3D800536131 /* Album */,
				2DC0681D21425BDF00551531 /* Setting */,
				2DB116A32135417400D17A70 /* LivePhoto */,
				2D2D6D9E21215CD4005F8371 /* CheckConfirm */,
				2D3A15B821097408005131B8 /* IndexCamera */,
			);
			path = Main;
			sourceTree = "<group>";
		};
		2D3A15BA210974C3005131B8 /* Base */ = {
			isa = PBXGroup;
			children = (
				2D3A158821085257005131B8 /* AppDelegate.swift */,
			);
			path = Base;
			sourceTree = "<group>";
		};
		2D3A15BB210974D7005131B8 /* Resource */ = {
			isa = PBXGroup;
			children = (
				2DB029152146710D009A2821 /* Assets.xcassets */,
			);
			path = Resource;
			sourceTree = "<group>";
		};
		2D3A15BC2109752C005131B8 /* Controller */ = {
			isa = PBXGroup;
			children = (
				2D3A15B62108569C005131B8 /* FConViewController.swift */,
			);
			path = Controller;
			sourceTree = "<group>";
		};
		2D3A15BD21097531005131B8 /* View */ = {
			isa = PBXGroup;
			children = (
				2D502350210AB8E200A7559A /* FillterSelectView.swift */,
				2D3A15C521099854005131B8 /* DefaultBotomView.swift */,
				2D378ED6211181CE00A51DE8 /* FilterCollectionViewCell.swift */,
				2D396A1C211ABE2F0049FE40 /* RoundProgressButtonView.swift */,
				2D2D6D9A211D8561005F8371 /* TopVIew.swift */,
				2DC6576E212C09AE001A2571 /* LineProgress.swift */,
				2D2716442133C64900A93EDB /* SelectionView.swift */,
				2DB8F7392212815C00F1C266 /* BackImageView.swift */,
			);
			path = View;
			sourceTree = "<group>";
		};
		2D3A15BE21097537005131B8 /* Model */ = {
			isa = PBXGroup;
			children = (
				2D378ED42111607600A51DE8 /* FilterGroup.swift */,
				2DB8F7372212775900F1C266 /* CameraEnum.swift */,
			);
			path = Model;
			sourceTree = "<group>";
		};
		2D3A15C121097943005131B8 /* Expend */ = {
			isa = PBXGroup;
			children = (
				2D1B88EA2110572B00773678 /* Framework */,
			);
			path = Expend;
			sourceTree = "<group>";
		};
		2D3A15C92109B0E3005131B8 /* Extension */ = {
			isa = PBXGroup;
			children = (
				2D3A15CA2109B105005131B8 /* NewUIButton.swift */,
				2D363D65212E80D500F24ED2 /* LayerExtension.swift */,
				2DB116AE213639C300D17A70 /* DeviceExtension.swift */,
				2DB8F73B2212902500F1C266 /* ViewControllerExtension.swift */,
			);
			path = Extension;
			sourceTree = "<group>";
		};
		2D85F250212A9808008AD54D /* Tools */ = {
			isa = PBXGroup;
			children = (
				2D1F725C21F9AF2000536131 /* publicFunc.swift */,
				2D3A15C321097969005131B8 /* Propoty.swift */,
				2D85F24E212A97E5008AD54D /* SaveVideoManager.swift */,
				2DB0291A21478D5F009A2821 /* UpdateManager.swift */,
				2DB8F73D2212C4EC00F1C266 /* RoutingService.swift */,
			);
			path = Tools;
			sourceTree = "<group>";
		};
		2DB116A32135417400D17A70 /* LivePhoto */ = {
			isa = PBXGroup;
			children = (
				2DB116B92137C5BF00D17A70 /* Tools */,
				2DB116B621378AE800D17A70 /* VIew */,
				2DB116A6213541E100D17A70 /* LivePhotoPreviewViewController.swift */,
			);
			path = LivePhoto;
			sourceTree = "<group>";
		};
		2DB116B621378AE800D17A70 /* VIew */ = {
			isa = PBXGroup;
			children = (
				2DB116B721378B0F00D17A70 /* FDLivePhotoView.swift */,
			);
			path = VIew;
			sourceTree = "<group>";
		};
		2DB116B92137C5BF00D17A70 /* Tools */ = {
			isa = PBXGroup;
			children = (
				2DB116AC2135441900D17A70 /* QuickTimeMov.swift */,
				2DB116AA2135440F00D17A70 /* JPEG.swift */,
			);
			path = Tools;
			sourceTree = "<group>";
		};
		2DB8F73F2212C8DC00F1C266 /* Manager */ = {
			isa = PBXGroup;
			children = (
				2DB8F7402212C98C00F1C266 /* cameraManager.swift */,
			);
			path = Manager;
			sourceTree = "<group>";
		};
		2DC0681D21425BDF00551531 /* Setting */ = {
			isa = PBXGroup;
			children = (
				2DC0682121425BFD00551531 /* Model */,
				2DC0682021425BFC00551531 /* Controller */,
				2DC0681F21425BFA00551531 /* View */,
			);
			path = Setting;
			sourceTree = "<group>";
		};
		2DC0681F21425BFA00551531 /* View */ = {
			isa = PBXGroup;
			children = (
				2DC0682521425C7300551531 /* CallSettingView.swift */,
				2DF4891B21464D0400423A6A /* SettingTableView.swift */,
				2DB0291121466F86009A2821 /* SettingTableViewCell.swift */,
				2DB0291221466F86009A2821 /* SettingTableViewCell.xib */,
			);
			path = View;
			sourceTree = "<group>";
		};
		2DC0682021425BFC00551531 /* Controller */ = {
			isa = PBXGroup;
			children = (
				2DB0291721478BBB009A2821 /* FolderWebViewController.swift */,
				2DF4891721464B1000423A6A /* SettingViewController.swift */,
			);
			path = Controller;
			sourceTree = "<group>";
		};
		2DC0682121425BFD00551531 /* Model */ = {
			isa = PBXGroup;
			children = (
				2DB0290C21465AA8009A2821 /* SettingModel.swift */,
			);
			path = Model;
			sourceTree = "<group>";
		};
		2DC65770212E5E07001A2571 /* FaceDetection */ = {
			isa = PBXGroup;
			children = (
				2D363D62212E7DE500F24ED2 /* View */,
				2D363D60212E7D3800F24ED2 /* FaceArea.swift */,
			);
			path = FaceDetection;
			sourceTree = "<group>";
		};
		37A8B1F276EF857EBE3F9D5B /* Pods */ = {
			isa = PBXGroup;
			children = (
				BB499B0F118CC40AAC7E5E06 /* Pods-MyFirstGPUImage.debug.xcconfig */,
				6EA227A6B6B79861372E3272 /* Pods-MyFirstGPUImage.release.xcconfig */,
			);
			name = Pods;
			sourceTree = "<group>";
		};
		AA5F25CFB6BC38DAE45F780E /* Frameworks */ = {
			isa = PBXGroup;
			children = (
				B90C9E859F51270B2744A7B8 /* Pods_MyFirstGPUImage.framework */,
			);
			name = Frameworks;
			sourceTree = "<group>";
		};
/* End PBXGroup section */

/* Begin PBXNativeTarget section */
		2D3A158421085257005131B8 /* MyFirstGPUImage */ = {
			isa = PBXNativeTarget;
			buildConfigurationList = 2D3A15AD21085258005131B8 /* Build configuration list for PBXNativeTarget "MyFirstGPUImage" */;
			buildPhases = (
				6D88D277AE8385AD46B380C0 /* [CP] Check Pods Manifest.lock */,
				2D3A158121085257005131B8 /* Sources */,
				2D3A158221085257005131B8 /* Frameworks */,
				2D3A158321085257005131B8 /* Resources */,
				BBE33E35398736B73C600FE6 /* [CP] Embed Pods Frameworks */,
				A857D288A82F8D3DEF2105B2 /* [CP] Copy Pods Resources */,
			);
			buildRules = (
			);
			dependencies = (
			);
			name = MyFirstGPUImage;
			productName = MyFirstGPUImage;
			productReference = 2D3A158521085257005131B8 /* MyFirstGPUImage.app */;
			productType = "com.apple.product-type.application";
		};
/* End PBXNativeTarget section */

/* Begin PBXProject section */
		2D3A157D21085257005131B8 /* Project object */ = {
			isa = PBXProject;
			attributes = {
				LastSwiftUpdateCheck = 0940;
				LastUpgradeCheck = 0940;
				ORGANIZATIONNAME = LiuYong;
				TargetAttributes = {
					2D3A158421085257005131B8 = {
						CreatedOnToolsVersion = 9.4.1;
						LastSwiftMigration = 0940;
					};
				};
			};
			buildConfigurationList = 2D3A158021085257005131B8 /* Build configuration list for PBXProject "FolderCamera" */;
			compatibilityVersion = "Xcode 9.3";
			developmentRegion = en;
			hasScannedForEncodings = 0;
			knownRegions = (
				en,
				Base,
			);
			mainGroup = 2D3A157C21085257005131B8;
			productRefGroup = 2D3A158621085257005131B8 /* Products */;
			projectDirPath = "";
			projectRoot = "";
			targets = (
				2D3A158421085257005131B8 /* MyFirstGPUImage */,
			);
		};
/* End PBXProject section */

/* Begin PBXResourcesBuildPhase section */
		2D3A158321085257005131B8 /* Resources */ = {
			isa = PBXResourcesBuildPhase;
			buildActionMask = 2147483647;
			files = (
				2D2D6D99211D7A9C005F8371 /* myShader.fsh in Resources */,
				2D378ED92112FB2B00A51DE8 /* Launch Screen.storyboard in Resources */,
				2D378EC821115C2900A51DE8 /* GPUImage.InstagramFilter.bundle in Resources */,
				2D1F727F21F9C3D800536131 /* ItemCollectionViewCell.xib in Resources */,
				2DB0291421466F86009A2821 /* SettingTableViewCell.xib in Resources */,
				2DB029162146710D009A2821 /* Assets.xcassets in Resources */,
				2D1F727E21F9C3D800536131 /* AlbumTableViewCell.xib in Resources */,
			);
			runOnlyForDeploymentPostprocessing = 0;
		};
/* End PBXResourcesBuildPhase section */

/* Begin PBXShellScriptBuildPhase section */
		6D88D277AE8385AD46B380C0 /* [CP] Check Pods Manifest.lock */ = {
			isa = PBXShellScriptBuildPhase;
			buildActionMask = 2147483647;
			files = (
			);
			inputPaths = (
				"${PODS_PODFILE_DIR_PATH}/Podfile.lock",
				"${PODS_ROOT}/Manifest.lock",
			);
			name = "[CP] Check Pods Manifest.lock";
			outputPaths = (
				"$(DERIVED_FILE_DIR)/Pods-MyFirstGPUImage-checkManifestLockResult.txt",
			);
			runOnlyForDeploymentPostprocessing = 0;
			shellPath = /bin/sh;
			shellScript = "diff \"${PODS_PODFILE_DIR_PATH}/Podfile.lock\" \"${PODS_ROOT}/Manifest.lock\" > /dev/null\nif [ $? != 0 ] ; then\n    # print error to STDERR\n    echo \"error: The sandbox is not in sync with the Podfile.lock. Run 'pod install' or update your CocoaPods installation.\" >&2\n    exit 1\nfi\n# This output is used by Xcode 'outputs' to avoid re-running this script phase.\necho \"SUCCESS\" > \"${SCRIPT_OUTPUT_FILE_0}\"\n";
			showEnvVarsInLog = 0;
		};
		A857D288A82F8D3DEF2105B2 /* [CP] Copy Pods Resources */ = {
			isa = PBXShellScriptBuildPhase;
			buildActionMask = 2147483647;
			files = (
			);
			inputFileListPaths = (
			);
			inputPaths = (
			);
			name = "[CP] Copy Pods Resources";
			outputFileListPaths = (
			);
			outputPaths = (
			);
			runOnlyForDeploymentPostprocessing = 0;
			shellPath = /bin/sh;
			shellScript = "\"${SRCROOT}/Pods/Target Support Files/Pods-MyFirstGPUImage/Pods-MyFirstGPUImage-resources.sh\"\n";
			showEnvVarsInLog = 0;
		};
		BBE33E35398736B73C600FE6 /* [CP] Embed Pods Frameworks */ = {
			isa = PBXShellScriptBuildPhase;
			buildActionMask = 2147483647;
			files = (
			);
			inputPaths = (
				"${SRCROOT}/Pods/Target Support Files/Pods-MyFirstGPUImage/Pods-MyFirstGPUImage-frameworks.sh",
				"${BUILT_PRODUCTS_DIR}/FLEX/FLEX.framework",
				"${BUILT_PRODUCTS_DIR}/GPUImage/GPUImage.framework",
				"${BUILT_PRODUCTS_DIR}/ProgressHUD/ProgressHUD.framework",
				"${BUILT_PRODUCTS_DIR}/SnapKit/SnapKit.framework",
			);
			name = "[CP] Embed Pods Frameworks";
			outputPaths = (
				"${TARGET_BUILD_DIR}/${FRAMEWORKS_FOLDER_PATH}/FLEX.framework",
				"${TARGET_BUILD_DIR}/${FRAMEWORKS_FOLDER_PATH}/GPUImage.framework",
				"${TARGET_BUILD_DIR}/${FRAMEWORKS_FOLDER_PATH}/ProgressHUD.framework",
				"${TARGET_BUILD_DIR}/${FRAMEWORKS_FOLDER_PATH}/SnapKit.framework",
			);
			runOnlyForDeploymentPostprocessing = 0;
			shellPath = /bin/sh;
			shellScript = "\"${SRCROOT}/Pods/Target Support Files/Pods-MyFirstGPUImage/Pods-MyFirstGPUImage-frameworks.sh\"\n";
			showEnvVarsInLog = 0;
		};
/* End PBXShellScriptBuildPhase section */

/* Begin PBXSourcesBuildPhase section */
		2D3A158121085257005131B8 /* Sources */ = {
			isa = PBXSourcesBuildPhase;
			buildActionMask = 2147483647;
			files = (
				2D378EB821115C2900A51DE8 /* IFInkwellFilter.m in Sources */,
				2D1F728121F9C3D800536131 /* BannerLayout.swift in Sources */,
				2D378ED52111607600A51DE8 /* FilterGroup.swift in Sources */,
				2D378EBF21115C2900A51DE8 /* IFRiseFilter.m in Sources */,
				2D378EC921115C2900A51DE8 /* IFNormalFilter.m in Sources */,
				2D378EB921115C2900A51DE8 /* IFBrannanFilter.m in Sources */,
				2D1F727C21F9C3D800536131 /* ItemCollectionViewCell.swift in Sources */,
				2DC0682621425C7300551531 /* CallSettingView.swift in Sources */,
				2DB116AF213639C300D17A70 /* DeviceExtension.swift in Sources */,
				2DB0291821478BBB009A2821 /* FolderWebViewController.swift in Sources */,
				2DB8F73E2212C4EC00F1C266 /* RoutingService.swift in Sources */,
				2DB0291B21478D5F009A2821 /* UpdateManager.swift in Sources */,
				2D2716452133C64900A93EDB /* SelectionView.swift in Sources */,
				2D3A15CB2109B105005131B8 /* NewUIButton.swift in Sources */,
				2D378ED7211181CE00A51DE8 /* FilterCollectionViewCell.swift in Sources */,
				2D378ED321115C6600A51DE8 /* GPUImageFourInputFilter.m in Sources */,
				2D1F728021F9C3D800536131 /* BannerView.swift in Sources */,
				2D378EC021115C2900A51DE8 /* IFSierraFilter.m in Sources */,
				2D1F727D21F9C3D800536131 /* AlbumTableViewCell.swift in Sources */,
				2D1F728221F9C3D800536131 /* BannerCollectionViewCell.swift in Sources */,
				2DC6576F212C09AE001A2571 /* LineProgress.swift in Sources */,
				2D363D64212E7E0100F24ED2 /* FaceLayerView.swift in Sources */,
				2D502351210AB8E200A7559A /* FillterSelectView.swift in Sources */,
				2D1F727A21F9C3D800536131 /* AlbumItem.swift in Sources */,
				2DB8F7382212775900F1C266 /* CameraEnum.swift in Sources */,
				2D85F24F212A97E5008AD54D /* SaveVideoManager.swift in Sources */,
				2D396A1D211ABE2F0049FE40 /* RoundProgressButtonView.swift in Sources */,
				2DB8F73C2212902500F1C266 /* ViewControllerExtension.swift in Sources */,
				2D1F727B21F9C3D800536131 /* AlbumDataSource.swift in Sources */,
				2DB8F7412212C98C00F1C266 /* cameraManager.swift in Sources */,
				2D378EC621115C2900A51DE8 /* IFToasterFilter.m in Sources */,
				2D1F725D21F9AF2000536131 /* publicFunc.swift in Sources */,
				2DB8F73A2212815C00F1C266 /* BackImageView.swift in Sources */,
				2D378EC121115C2900A51DE8 /* IFValenciaFilter.m in Sources */,
				2D378ED221115C6600A51DE8 /* GPUImageSixInputFilter.m in Sources */,
				2D1F727721F9C3D800536131 /* ImageDetailViewController.swift in Sources */,
				2D363D61212E7D3800F24ED2 /* FaceArea.swift in Sources */,
				2D3A15B72108569C005131B8 /* FConViewController.swift in Sources */,
				2D378EC521115C2900A51DE8 /* IFHudsonFilter.m in Sources */,
				2D378ED121115C6600A51DE8 /* GPUImageFiveInputFilter.m in Sources */,
				2D1F727921F9C3D800536131 /* AlbumViewController.swift in Sources */,
				2D378EBA21115C2900A51DE8 /* IFLordKelvinFilter.m in Sources */,
				2D378EC221115C2900A51DE8 /* IF1977Filter.m in Sources */,
				2D378EC321115C2900A51DE8 /* IFHefeFilter.m in Sources */,
				2D3A158921085257005131B8 /* AppDelegate.swift in Sources */,
				2D378EBE21115C2900A51DE8 /* IFAmaroFilter.m in Sources */,
				2D3A15C621099854005131B8 /* DefaultBotomView.swift in Sources */,
				2D378EBB21115C2900A51DE8 /* IFSutroFilter.m in Sources */,
				2D1F727821F9C3D800536131 /* ItemCollectionViewController.swift in Sources */,
				2D378ECA21115C2900A51DE8 /* IFImageFilter.m in Sources */,
				2D378EC421115C2900A51DE8 /* IFXproIIFilter.m in Sources */,
				2DB116A7213541E100D17A70 /* LivePhotoPreviewViewController.swift in Sources */,
				2DB0291321466F86009A2821 /* SettingTableViewCell.swift in Sources */,
				2D378EC721115C2900A51DE8 /* IFLomofiFilter.m in Sources */,
				2D378EBC21115C2900A51DE8 /* IFWaldenFilter.m in Sources */,
				2D2716422133B2E900A93EDB /* GPUImageBeautifyFilter.m in Sources */,
				2DB116AB2135440F00D17A70 /* JPEG.swift in Sources */,
				2DB116B821378B0F00D17A70 /* FDLivePhotoView.swift in Sources */,
				2D2D6DA321215D3E005F8371 /* playView.swift in Sources */,
				2DF4891C21464D0400423A6A /* SettingTableView.swift in Sources */,
				2DE7BE6C21FFF9330090F18E /* Inceptionv3.mlmodel in Sources */,
				2D378EB721115C2900A51DE8 /* IFNashvilleFilter.m in Sources */,
				2D378EBD21115C2900A51DE8 /* IFEarlybirdFilter.m in Sources */,
				2D3A15C82109A038005131B8 /* CheckViewController.swift in Sources */,
				2D2D6D9B211D8561005F8371 /* TopVIew.swift in Sources */,
				2DB116AD2135441900D17A70 /* QuickTimeMov.swift in Sources */,
				2D363D66212E80D500F24ED2 /* LayerExtension.swift in Sources */,
				2DB0290D21465AA8009A2821 /* SettingModel.swift in Sources */,
				2D3A15C421097969005131B8 /* Propoty.swift in Sources */,
				2DF4891821464B1000423A6A /* SettingViewController.swift in Sources */,
				2D0396A0211D70B9004E87C0 /* DesignedGPUImageFilter.m in Sources */,
			);
			runOnlyForDeploymentPostprocessing = 0;
		};
/* End PBXSourcesBuildPhase section */

/* Begin XCBuildConfiguration section */
		2D3A15AB21085258005131B8 /* Debug */ = {
			isa = XCBuildConfiguration;
			buildSettings = {
				ALWAYS_SEARCH_USER_PATHS = NO;
				CLANG_ANALYZER_NONNULL = YES;
				CLANG_ANALYZER_NUMBER_OBJECT_CONVERSION = YES_AGGRESSIVE;
				CLANG_CXX_LANGUAGE_STANDARD = "gnu++14";
				CLANG_CXX_LIBRARY = "libc++";
				CLANG_ENABLE_MODULES = YES;
				CLANG_ENABLE_OBJC_ARC = YES;
				CLANG_ENABLE_OBJC_WEAK = YES;
				CLANG_WARN_BLOCK_CAPTURE_AUTORELEASING = YES;
				CLANG_WARN_BOOL_CONVERSION = YES;
				CLANG_WARN_COMMA = YES;
				CLANG_WARN_CONSTANT_CONVERSION = YES;
				CLANG_WARN_DEPRECATED_OBJC_IMPLEMENTATIONS = YES;
				CLANG_WARN_DIRECT_OBJC_ISA_USAGE = YES_ERROR;
				CLANG_WARN_DOCUMENTATION_COMMENTS = YES;
				CLANG_WARN_EMPTY_BODY = YES;
				CLANG_WARN_ENUM_CONVERSION = YES;
				CLANG_WARN_INFINITE_RECURSION = YES;
				CLANG_WARN_INT_CONVERSION = YES;
				CLANG_WARN_NON_LITERAL_NULL_CONVERSION = YES;
				CLANG_WARN_OBJC_IMPLICIT_RETAIN_SELF = YES;
				CLANG_WARN_OBJC_LITERAL_CONVERSION = YES;
				CLANG_WARN_OBJC_ROOT_CLASS = YES_ERROR;
				CLANG_WARN_RANGE_LOOP_ANALYSIS = YES;
				CLANG_WARN_STRICT_PROTOTYPES = YES;
				CLANG_WARN_SUSPICIOUS_MOVE = YES;
				CLANG_WARN_UNGUARDED_AVAILABILITY = YES_AGGRESSIVE;
				CLANG_WARN_UNREACHABLE_CODE = YES;
				CLANG_WARN__DUPLICATE_METHOD_MATCH = YES;
				CODE_SIGN_IDENTITY = "iPhone Developer";
				COPY_PHASE_STRIP = NO;
				DEBUG_INFORMATION_FORMAT = dwarf;
				ENABLE_STRICT_OBJC_MSGSEND = YES;
				ENABLE_TESTABILITY = YES;
				GCC_C_LANGUAGE_STANDARD = gnu11;
				GCC_DYNAMIC_NO_PIC = NO;
				GCC_NO_COMMON_BLOCKS = YES;
				GCC_OPTIMIZATION_LEVEL = 0;
				GCC_PREPROCESSOR_DEFINITIONS = (
					"DEBUG=1",
					"$(inherited)",
				);
				GCC_WARN_64_TO_32_BIT_CONVERSION = YES;
				GCC_WARN_ABOUT_RETURN_TYPE = YES_ERROR;
				GCC_WARN_UNDECLARED_SELECTOR = YES;
				GCC_WARN_UNINITIALIZED_AUTOS = YES_AGGRESSIVE;
				GCC_WARN_UNUSED_FUNCTION = YES;
				GCC_WARN_UNUSED_VARIABLE = YES;
				IPHONEOS_DEPLOYMENT_TARGET = 8.4;
				MTL_ENABLE_DEBUG_INFO = YES;
				ONLY_ACTIVE_ARCH = YES;
				SDKROOT = iphoneos;
				SWIFT_ACTIVE_COMPILATION_CONDITIONS = DEBUG;
				SWIFT_OPTIMIZATION_LEVEL = "-Onone";
			};
			name = Debug;
		};
		2D3A15AC21085258005131B8 /* Release */ = {
			isa = XCBuildConfiguration;
			buildSettings = {
				ALWAYS_SEARCH_USER_PATHS = NO;
				CLANG_ANALYZER_NONNULL = YES;
				CLANG_ANALYZER_NUMBER_OBJECT_CONVERSION = YES_AGGRESSIVE;
				CLANG_CXX_LANGUAGE_STANDARD = "gnu++14";
				CLANG_CXX_LIBRARY = "libc++";
				CLANG_ENABLE_MODULES = YES;
				CLANG_ENABLE_OBJC_ARC = YES;
				CLANG_ENABLE_OBJC_WEAK = YES;
				CLANG_WARN_BLOCK_CAPTURE_AUTORELEASING = YES;
				CLANG_WARN_BOOL_CONVERSION = YES;
				CLANG_WARN_COMMA = YES;
				CLANG_WARN_CONSTANT_CONVERSION = YES;
				CLANG_WARN_DEPRECATED_OBJC_IMPLEMENTATIONS = YES;
				CLANG_WARN_DIRECT_OBJC_ISA_USAGE = YES_ERROR;
				CLANG_WARN_DOCUMENTATION_COMMENTS = YES;
				CLANG_WARN_EMPTY_BODY = YES;
				CLANG_WARN_ENUM_CONVERSION = YES;
				CLANG_WARN_INFINITE_RECURSION = YES;
				CLANG_WARN_INT_CONVERSION = YES;
				CLANG_WARN_NON_LITERAL_NULL_CONVERSION = YES;
				CLANG_WARN_OBJC_IMPLICIT_RETAIN_SELF = YES;
				CLANG_WARN_OBJC_LITERAL_CONVERSION = YES;
				CLANG_WARN_OBJC_ROOT_CLASS = YES_ERROR;
				CLANG_WARN_RANGE_LOOP_ANALYSIS = YES;
				CLANG_WARN_STRICT_PROTOTYPES = YES;
				CLANG_WARN_SUSPICIOUS_MOVE = YES;
				CLANG_WARN_UNGUARDED_AVAILABILITY = YES_AGGRESSIVE;
				CLANG_WARN_UNREACHABLE_CODE = YES;
				CLANG_WARN__DUPLICATE_METHOD_MATCH = YES;
				CODE_SIGN_IDENTITY = "iPhone Developer";
				COPY_PHASE_STRIP = NO;
				DEBUG_INFORMATION_FORMAT = "dwarf-with-dsym";
				ENABLE_NS_ASSERTIONS = NO;
				ENABLE_STRICT_OBJC_MSGSEND = YES;
				GCC_C_LANGUAGE_STANDARD = gnu11;
				GCC_NO_COMMON_BLOCKS = YES;
				GCC_WARN_64_TO_32_BIT_CONVERSION = YES;
				GCC_WARN_ABOUT_RETURN_TYPE = YES_ERROR;
				GCC_WARN_UNDECLARED_SELECTOR = YES;
				GCC_WARN_UNINITIALIZED_AUTOS = YES_AGGRESSIVE;
				GCC_WARN_UNUSED_FUNCTION = YES;
				GCC_WARN_UNUSED_VARIABLE = YES;
				IPHONEOS_DEPLOYMENT_TARGET = 8.4;
				MTL_ENABLE_DEBUG_INFO = NO;
				SDKROOT = iphoneos;
				SWIFT_COMPILATION_MODE = wholemodule;
				SWIFT_OPTIMIZATION_LEVEL = "-O";
				VALIDATE_PRODUCT = YES;
			};
			name = Release;
		};
		2D3A15AE21085258005131B8 /* Debug */ = {
			isa = XCBuildConfiguration;
			baseConfigurationReference = BB499B0F118CC40AAC7E5E06 /* Pods-MyFirstGPUImage.debug.xcconfig */;
			buildSettings = {
				ASSETCATALOG_COMPILER_APPICON_NAME = AppIcon;
				CLANG_ENABLE_MODULES = YES;
				CODE_SIGN_IDENTITY = "iPhone Developer";
				CODE_SIGN_STYLE = Automatic;
				DEFINES_MODULE = YES;
				DEVELOPMENT_TEAM = 9A68XXWLG6;
				INFOPLIST_FILE = MyFirstGPUImage/Info.plist;
				IPHONEOS_DEPLOYMENT_TARGET = 11.0;
				LD_RUNPATH_SEARCH_PATHS = (
					"$(inherited)",
					"@executable_path/Frameworks",
				);
				PRODUCT_BUNDLE_IDENTIFIER = com.liuyong.FolderCamera;
				PRODUCT_NAME = "$(TARGET_NAME)";
				PROVISIONING_PROFILE_SPECIFIER = "";
				SWIFT_OBJC_BRIDGING_HEADER = "MyFirstGPUImage/Expend/Framework/MyFirstGPUImage-Bridging-Header.h";
				SWIFT_OPTIMIZATION_LEVEL = "-Onone";
				SWIFT_VERSION = 4.0;
				TARGETED_DEVICE_FAMILY = 1;
			};
			name = Debug;
		};
		2D3A15AF21085258005131B8 /* Release */ = {
			isa = XCBuildConfiguration;
			baseConfigurationReference = 6EA227A6B6B79861372E3272 /* Pods-MyFirstGPUImage.release.xcconfig */;
			buildSettings = {
				ASSETCATALOG_COMPILER_APPICON_NAME = AppIcon;
				CLANG_ENABLE_MODULES = YES;
				CODE_SIGN_IDENTITY = "iPhone Developer";
				CODE_SIGN_STYLE = Automatic;
				DEFINES_MODULE = YES;
				DEVELOPMENT_TEAM = 9A68XXWLG6;
				INFOPLIST_FILE = MyFirstGPUImage/Info.plist;
				IPHONEOS_DEPLOYMENT_TARGET = 11.0;
				LD_RUNPATH_SEARCH_PATHS = (
					"$(inherited)",
					"@executable_path/Frameworks",
				);
				PRODUCT_BUNDLE_IDENTIFIER = com.liuyong.FolderCamera;
				PRODUCT_NAME = "$(TARGET_NAME)";
				PROVISIONING_PROFILE_SPECIFIER = "";
				SWIFT_OBJC_BRIDGING_HEADER = "MyFirstGPUImage/Expend/Framework/MyFirstGPUImage-Bridging-Header.h";
				SWIFT_VERSION = 4.0;
				TARGETED_DEVICE_FAMILY = 1;
			};
			name = Release;
		};
/* End XCBuildConfiguration section */

/* Begin XCConfigurationList section */
		2D3A158021085257005131B8 /* Build configuration list for PBXProject "FolderCamera" */ = {
			isa = XCConfigurationList;
			buildConfigurations = (
				2D3A15AB21085258005131B8 /* Debug */,
				2D3A15AC21085258005131B8 /* Release */,
			);
			defaultConfigurationIsVisible = 0;
			defaultConfigurationName = Release;
		};
		2D3A15AD21085258005131B8 /* Build configuration list for PBXNativeTarget "MyFirstGPUImage" */ = {
			isa = XCConfigurationList;
			buildConfigurations = (
				2D3A15AE21085258005131B8 /* Debug */,
				2D3A15AF21085258005131B8 /* Release */,
			);
			defaultConfigurationIsVisible = 0;
			defaultConfigurationName = Release;
		};
/* End XCConfigurationList section */
	};
	rootObject = 2D3A157D21085257005131B8 /* Project object */;
}
